
Microsoft Visual Studio Solution File, Format Version 12.00
# Visual Studio Version 16
VisualStudioVersion = 16.0.29424.173
MinimumVisualStudioVersion = 10.0.40219.1
Project("{FAE04EC0-301F-11D3-BF4B-00C04F79EFBC}") = "Fivem Server Status", "Fivem Server Status\Fivem Server Status.csproj", "{7198FB50-3A25-43AB-9481-D15415D54FD7}"
EndProject
Project("{FAE04EC0-301F-11D3-BF4B-00C04F79EFBC}") = "Fivem Server Status Test", "Fivem Server Status Test\Fivem Server Status Test.csproj", "{455270FF-932E-4080-83A3-B367D481D054}"
EndProject
Global
	GlobalSection(SolutionConfigurationPlatforms) = preSolution
		Debug|Any CPU = Debug|Any CPU
		Release|Any CPU = Release|Any CPU
	EndGlobalSection
	GlobalSection(ProjectConfigurationPlatforms) = postSolution
		{7198FB50-3A25-43AB-9481-D15415D54FD7}.Debug|Any CPU.ActiveCfg = Debug|Any CPU
		{7198FB50-3A25-43AB-9481-D15415D54FD7}.Debug|Any CPU.Build.0 = Debug|Any CPU
		{7198FB50-3A25-43AB-9481-D15415D54FD7}.Release|Any CPU.ActiveCfg = Release|Any CPU
		{7198FB50-3A25-43AB-9481-D15415D54FD7}.Release|Any CPU.Build.0 = Release|Any CPU
		{455270FF-932E-4080-83A3-B367D481D054}.Debug|Any CPU.ActiveCfg = Debug|Any CPU
		{455270FF-932E-4080-83A3-B367D481D054}.Debug|Any CPU.Build.0 = Debug|Any CPU
		{455270FF-932E-4080-83A3-B367D481D054}.Release|Any CPU.ActiveCfg = Release|Any CPU
		{455270FF-932E-4080-83A3-B367D481D054}.Release|Any CPU.Build.0 = Release|Any CPU
	EndGlobalSection
	GlobalSection(SolutionProperties) = preSolution
		HideSolutionNode = FALSE
	EndGlobalSection
	GlobalSection(ExtensibilityGlobals) = postSolution
		SolutionGuid = {F9B1C119-3520-4357-80D8-E86AD45E2D58}
	EndGlobalSection
EndGlobal
