
Microsoft Visual Studio Solution File, Format Version 12.00
# Visual Studio Version 16
VisualStudioVersion = 16.0.29102.190
MinimumVisualStudioVersion = 10.0.40219.1
Project("{FAE04EC0-301F-11D3-BF4B-00C04F79EFBC}") = "EpEren.Fivem.ServerStatus", "EpEren.Fivem.ServerStatus\EpEren.Fivem.ServerStatus.csproj", "{F956BB79-7AD6-4D05-B767-C960B539D552}"
EndProject
Global
	GlobalSection(SolutionConfigurationPlatforms) = preSolution
		Debug|Any CPU = Debug|Any CPU
		Release|Any CPU = Release|Any CPU
	EndGlobalSection
	GlobalSection(ProjectConfigurationPlatforms) = postSolution
		{F956BB79-7AD6-4D05-B767-C960B539D552}.Debug|Any CPU.ActiveCfg = Debug|Any CPU
		{F956BB79-7AD6-4D05-B767-C960B539D552}.Debug|Any CPU.Build.0 = Debug|Any CPU
		{F956BB79-7AD6-4D05-B767-C960B539D552}.Release|Any CPU.ActiveCfg = Release|Any CPU
		{F956BB79-7AD6-4D05-B767-C960B539D552}.Release|Any CPU.Build.0 = Release|Any CPU
	EndGlobalSection
	GlobalSection(SolutionProperties) = preSolution
		HideSolutionNode = FALSE
	EndGlobalSection
	GlobalSection(ExtensibilityGlobals) = postSolution
		SolutionGuid = {40DCF666-2131-4373-9F11-F7C8BA6BA972}
	EndGlobalSection
EndGlobal
