
Microsoft Visual Studio Solution File, Format Version 12.00
# Visual Studio Version 16
VisualStudioVersion = 16.0.30804.86
MinimumVisualStudioVersion = 10.0.40219.1
Project("{FAE04EC0-301F-11D3-BF4B-00C04F79EFBC}") = "EpEren.Fivem.ServerStatus", "EpEren.Fivem.ServerStatus\EpEren.Fivem.ServerStatus.csproj", "{75E285EE-F3F1-42A5-8B11-87E7E1B82BE4}"
EndProject
Project("{2150E333-8FDC-42A3-9474-1A3956D46DE8}") = "Examples", "Examples", "{50FC7E27-4EEE-4DFB-879E-CF6F2727EB33}"
EndProject
Project("{FAE04EC0-301F-11D3-BF4B-00C04F79EFBC}") = "Tester", "Tester\Tester.csproj", "{A9E1E683-9F98-4E33-A056-B3E152EA3976}"
EndProject
Global
	GlobalSection(SolutionConfigurationPlatforms) = preSolution
		Debug|Any CPU = Debug|Any CPU
		Release|Any CPU = Release|Any CPU
	EndGlobalSection
	GlobalSection(ProjectConfigurationPlatforms) = postSolution
		{75E285EE-F3F1-42A5-8B11-87E7E1B82BE4}.Debug|Any CPU.ActiveCfg = Debug|Any CPU
		{75E285EE-F3F1-42A5-8B11-87E7E1B82BE4}.Debug|Any CPU.Build.0 = Debug|Any CPU
		{75E285EE-F3F1-42A5-8B11-87E7E1B82BE4}.Release|Any CPU.ActiveCfg = Release|Any CPU
		{75E285EE-F3F1-42A5-8B11-87E7E1B82BE4}.Release|Any CPU.Build.0 = Release|Any CPU
		{A9E1E683-9F98-4E33-A056-B3E152EA3976}.Debug|Any CPU.ActiveCfg = Debug|Any CPU
		{A9E1E683-9F98-4E33-A056-B3E152EA3976}.Debug|Any CPU.Build.0 = Debug|Any CPU
		{A9E1E683-9F98-4E33-A056-B3E152EA3976}.Release|Any CPU.ActiveCfg = Release|Any CPU
		{A9E1E683-9F98-4E33-A056-B3E152EA3976}.Release|Any CPU.Build.0 = Release|Any CPU
	EndGlobalSection
	GlobalSection(SolutionProperties) = preSolution
		HideSolutionNode = FALSE
	EndGlobalSection
	GlobalSection(NestedProjects) = preSolution
		{A9E1E683-9F98-4E33-A056-B3E152EA3976} = {50FC7E27-4EEE-4DFB-879E-CF6F2727EB33}
	EndGlobalSection
	GlobalSection(ExtensibilityGlobals) = postSolution
		SolutionGuid = {DAD0A256-F2E3-4685-8474-4792B51CF402}
	EndGlobalSection
EndGlobal
